
Microsoft Visual Studio Solution File, Format Version 12.00
# Visual Studio Version 17
VisualStudioVersion = 17.2.32616.157
MinimumVisualStudioVersion = 10.0.40219.1
Project("{FAE04EC0-301F-11D3-BF4B-00C04F79EFBC}") = "CTO", "CTO.csproj", "{FFD008DF-C71C-4236-86BF-10AB8AEDBAA9}"
EndProject
Global
	GlobalSection(SolutionConfigurationPlatforms) = preSolution
		Debug|Any CPU = Debug|Any CPU
		Release|Any CPU = Release|Any CPU
	EndGlobalSection
	GlobalSection(ProjectConfigurationPlatforms) = postSolution
		{FFD008DF-C71C-4236-86BF-10AB8AEDBAA9}.Debug|Any CPU.ActiveCfg = Debug|Any CPU
		{FFD008DF-C71C-4236-86BF-10AB8AEDBAA9}.Debug|Any CPU.Build.0 = Debug|Any CPU
		{FFD008DF-C71C-4236-86BF-10AB8AEDBAA9}.Release|Any CPU.ActiveCfg = Release|Any CPU
		{FFD008DF-C71C-4236-86BF-10AB8AEDBAA9}.Release|Any CPU.Build.0 = Release|Any CPU
	EndGlobalSection
	GlobalSection(SolutionProperties) = preSolution
		HideSolutionNode = FALSE
	EndGlobalSection
	GlobalSection(ExtensibilityGlobals) = postSolution
		SolutionGuid = {036D85C9-C211-4525-8310-239EBFBA6EBC}
	EndGlobalSection
EndGlobal
